
Microsoft Visual Studio Solution File, Format Version 12.00
# Visual Studio Version 16
VisualStudioVersion = 16.0.31005.135
MinimumVisualStudioVersion = 10.0.40219.1
Project("{FAE04EC0-301F-11D3-BF4B-00C04F79EFBC}") = "4to programa", "4to programa\4to programa.csproj", "{FB4D298B-8814-45EE-B18F-68256689949F}"
EndProject
Global
	GlobalSection(SolutionConfigurationPlatforms) = preSolution
		Debug|Any CPU = Debug|Any CPU
		Release|Any CPU = Release|Any CPU
	EndGlobalSection
	GlobalSection(ProjectConfigurationPlatforms) = postSolution
		{FB4D298B-8814-45EE-B18F-68256689949F}.Debug|Any CPU.ActiveCfg = Debug|Any CPU
		{FB4D298B-8814-45EE-B18F-68256689949F}.Debug|Any CPU.Build.0 = Debug|Any CPU
		{FB4D298B-8814-45EE-B18F-68256689949F}.Release|Any CPU.ActiveCfg = Release|Any CPU
		{FB4D298B-8814-45EE-B18F-68256689949F}.Release|Any CPU.Build.0 = Release|Any CPU
	EndGlobalSection
	GlobalSection(SolutionProperties) = preSolution
		HideSolutionNode = FALSE
	EndGlobalSection
	GlobalSection(ExtensibilityGlobals) = postSolution
		SolutionGuid = {659FA1B9-1A5B-43D0-BA3A-4FAF20068290}
	EndGlobalSection
EndGlobal
