
Microsoft Visual Studio Solution File, Format Version 12.00
# Visual Studio Version 16
VisualStudioVersion = 16.0.31005.135
MinimumVisualStudioVersion = 10.0.40219.1
Project("{FAE04EC0-301F-11D3-BF4B-00C04F79EFBC}") = "5to programa", "5to programa\5to programa.csproj", "{DC04C598-FE07-42A0-9364-A17D6D15C481}"
EndProject
Global
	GlobalSection(SolutionConfigurationPlatforms) = preSolution
		Debug|Any CPU = Debug|Any CPU
		Release|Any CPU = Release|Any CPU
	EndGlobalSection
	GlobalSection(ProjectConfigurationPlatforms) = postSolution
		{DC04C598-FE07-42A0-9364-A17D6D15C481}.Debug|Any CPU.ActiveCfg = Debug|Any CPU
		{DC04C598-FE07-42A0-9364-A17D6D15C481}.Debug|Any CPU.Build.0 = Debug|Any CPU
		{DC04C598-FE07-42A0-9364-A17D6D15C481}.Release|Any CPU.ActiveCfg = Release|Any CPU
		{DC04C598-FE07-42A0-9364-A17D6D15C481}.Release|Any CPU.Build.0 = Release|Any CPU
	EndGlobalSection
	GlobalSection(SolutionProperties) = preSolution
		HideSolutionNode = FALSE
	EndGlobalSection
	GlobalSection(ExtensibilityGlobals) = postSolution
		SolutionGuid = {466A2DEA-2DDD-45F5-A8AC-07947C5655EC}
	EndGlobalSection
EndGlobal
