
Microsoft Visual Studio Solution File, Format Version 12.00
# Visual Studio Version 16
VisualStudioVersion = 16.0.31005.135
MinimumVisualStudioVersion = 10.0.40219.1
Project("{FAE04EC0-301F-11D3-BF4B-00C04F79EFBC}") = "9no programa", "9no programa\9no programa.csproj", "{09C05C12-53D0-42D1-ADE9-2EAC1DCE0B5A}"
EndProject
Global
	GlobalSection(SolutionConfigurationPlatforms) = preSolution
		Debug|Any CPU = Debug|Any CPU
		Release|Any CPU = Release|Any CPU
	EndGlobalSection
	GlobalSection(ProjectConfigurationPlatforms) = postSolution
		{09C05C12-53D0-42D1-ADE9-2EAC1DCE0B5A}.Debug|Any CPU.ActiveCfg = Debug|Any CPU
		{09C05C12-53D0-42D1-ADE9-2EAC1DCE0B5A}.Debug|Any CPU.Build.0 = Debug|Any CPU
		{09C05C12-53D0-42D1-ADE9-2EAC1DCE0B5A}.Release|Any CPU.ActiveCfg = Release|Any CPU
		{09C05C12-53D0-42D1-ADE9-2EAC1DCE0B5A}.Release|Any CPU.Build.0 = Release|Any CPU
	EndGlobalSection
	GlobalSection(SolutionProperties) = preSolution
		HideSolutionNode = FALSE
	EndGlobalSection
	GlobalSection(ExtensibilityGlobals) = postSolution
		SolutionGuid = {5E93BEFF-EABD-49AC-B388-B5ECEE8FF55A}
	EndGlobalSection
EndGlobal
